
Microsoft Visual Studio Solution File, Format Version 12.00
# Visual Studio Version 17
VisualStudioVersion = 17.7.34018.315
MinimumVisualStudioVersion = 10.0.40219.1
Project("{9A19103F-16F7-4668-BE54-9A1E7A4F7556}") = "HiraganaKatakanaLearn", "HiraganaKatakanaLearn.csproj", "{32714F6D-ABFD-490F-9529-22F3ACCFF7D0}"
EndProject
Project("{9A19103F-16F7-4668-BE54-9A1E7A4F7556}") = "HiraganaTests", "..\HiraganaTests\HiraganaTests.csproj", "{A18CA555-6A54-4E89-BC76-BEC588BA0AF3}"
EndProject
Project("{9A19103F-16F7-4668-BE54-9A1E7A4F7556}") = "AppTests", "..\AppTests\AppTests\AppTests.csproj", "{525096B8-75E6-494D-90D6-06AB82CBDE40}"
EndProject
Project("{FAE04EC0-301F-11D3-BF4B-00C04F79EFBC}") = "KatakanaTests", "..\KatakanaTests\KatakanaTests.csproj", "{2853CA39-54DC-44DC-9EF0-D3BB4A2B22B6}"
EndProject
Global
	GlobalSection(SolutionConfigurationPlatforms) = preSolution
		Debug|Any CPU = Debug|Any CPU
		Release|Any CPU = Release|Any CPU
	EndGlobalSection
	GlobalSection(ProjectConfigurationPlatforms) = postSolution
		{32714F6D-ABFD-490F-9529-22F3ACCFF7D0}.Debug|Any CPU.ActiveCfg = Debug|Any CPU
		{32714F6D-ABFD-490F-9529-22F3ACCFF7D0}.Debug|Any CPU.Build.0 = Debug|Any CPU
		{32714F6D-ABFD-490F-9529-22F3ACCFF7D0}.Release|Any CPU.ActiveCfg = Release|Any CPU
		{32714F6D-ABFD-490F-9529-22F3ACCFF7D0}.Release|Any CPU.Build.0 = Release|Any CPU
		{A18CA555-6A54-4E89-BC76-BEC588BA0AF3}.Debug|Any CPU.ActiveCfg = Debug|Any CPU
		{A18CA555-6A54-4E89-BC76-BEC588BA0AF3}.Debug|Any CPU.Build.0 = Debug|Any CPU
		{A18CA555-6A54-4E89-BC76-BEC588BA0AF3}.Release|Any CPU.ActiveCfg = Release|Any CPU
		{A18CA555-6A54-4E89-BC76-BEC588BA0AF3}.Release|Any CPU.Build.0 = Release|Any CPU
		{525096B8-75E6-494D-90D6-06AB82CBDE40}.Debug|Any CPU.ActiveCfg = Debug|Any CPU
		{525096B8-75E6-494D-90D6-06AB82CBDE40}.Debug|Any CPU.Build.0 = Debug|Any CPU
		{525096B8-75E6-494D-90D6-06AB82CBDE40}.Release|Any CPU.ActiveCfg = Release|Any CPU
		{525096B8-75E6-494D-90D6-06AB82CBDE40}.Release|Any CPU.Build.0 = Release|Any CPU
		{2853CA39-54DC-44DC-9EF0-D3BB4A2B22B6}.Debug|Any CPU.ActiveCfg = Debug|Any CPU
		{2853CA39-54DC-44DC-9EF0-D3BB4A2B22B6}.Debug|Any CPU.Build.0 = Debug|Any CPU
		{2853CA39-54DC-44DC-9EF0-D3BB4A2B22B6}.Release|Any CPU.ActiveCfg = Release|Any CPU
		{2853CA39-54DC-44DC-9EF0-D3BB4A2B22B6}.Release|Any CPU.Build.0 = Release|Any CPU
	EndGlobalSection
	GlobalSection(SolutionProperties) = preSolution
		HideSolutionNode = FALSE
	EndGlobalSection
	GlobalSection(ExtensibilityGlobals) = postSolution
		SolutionGuid = {CD51F641-3589-4902-A947-DA9C5B9DB84D}
	EndGlobalSection
EndGlobal
